
Microsoft Visual Studio Solution File, Format Version 12.00
# Visual Studio Version 17
VisualStudioVersion = 17.10.35122.118
MinimumVisualStudioVersion = 10.0.40219.1
Project("{8BC9CEB8-8B4A-11D0-8D11-00A0C91BC942}") = "OtherSort", "OtherSort\OtherSort.vcxproj", "{7B62F228-7B47-43D9-A2CE-BB80DD356AA7}"
EndProject
Global
	GlobalSection(SolutionConfigurationPlatforms) = preSolution
		Debug|x64 = Debug|x64
		Debug|x86 = Debug|x86
		Release|x64 = Release|x64
		Release|x86 = Release|x86
	EndGlobalSection
	GlobalSection(ProjectConfigurationPlatforms) = postSolution
		{7B62F228-7B47-43D9-A2CE-BB80DD356AA7}.Debug|x64.ActiveCfg = Debug|x64
		{7B62F228-7B47-43D9-A2CE-BB80DD356AA7}.Debug|x64.Build.0 = Debug|x64
		{7B62F228-7B47-43D9-A2CE-BB80DD356AA7}.Debug|x86.ActiveCfg = Debug|Win32
		{7B62F228-7B47-43D9-A2CE-BB80DD356AA7}.Debug|x86.Build.0 = Debug|Win32
		{7B62F228-7B47-43D9-A2CE-BB80DD356AA7}.Release|x64.ActiveCfg = Release|x64
		{7B62F228-7B47-43D9-A2CE-BB80DD356AA7}.Release|x64.Build.0 = Release|x64
		{7B62F228-7B47-43D9-A2CE-BB80DD356AA7}.Release|x86.ActiveCfg = Release|Win32
		{7B62F228-7B47-43D9-A2CE-BB80DD356AA7}.Release|x86.Build.0 = Release|Win32
	EndGlobalSection
	GlobalSection(SolutionProperties) = preSolution
		HideSolutionNode = FALSE
	EndGlobalSection
	GlobalSection(ExtensibilityGlobals) = postSolution
		SolutionGuid = {A34AAE95-F250-4352-A15F-A70DBB117C77}
	EndGlobalSection
EndGlobal
